
Microsoft Visual Studio Solution File, Format Version 12.00
Project("{FAE04EC0-301F-11D3-BF4B-00C04F79EFBC}") = "RabbitMqAsyncPublisher", "RabbitMqAsyncPublisher.csproj", "{CADE51CB-5FAE-49A8-97B0-FC15A473DB4E}"
EndProject
Project("{FAE04EC0-301F-11D3-BF4B-00C04F79EFBC}") = "Tests", "Tests\Tests.csproj", "{A6041EB3-3822-4C11-826D-977DC9190009}"
EndProject
Global
	GlobalSection(SolutionConfigurationPlatforms) = preSolution
		Debug|Any CPU = Debug|Any CPU
		Release|Any CPU = Release|Any CPU
	EndGlobalSection
	GlobalSection(ProjectConfigurationPlatforms) = postSolution
		{CADE51CB-5FAE-49A8-97B0-FC15A473DB4E}.Debug|Any CPU.ActiveCfg = Debug|Any CPU
		{CADE51CB-5FAE-49A8-97B0-FC15A473DB4E}.Debug|Any CPU.Build.0 = Debug|Any CPU
		{CADE51CB-5FAE-49A8-97B0-FC15A473DB4E}.Release|Any CPU.ActiveCfg = Release|Any CPU
		{CADE51CB-5FAE-49A8-97B0-FC15A473DB4E}.Release|Any CPU.Build.0 = Release|Any CPU
		{A6041EB3-3822-4C11-826D-977DC9190009}.Debug|Any CPU.ActiveCfg = Debug|Any CPU
		{A6041EB3-3822-4C11-826D-977DC9190009}.Debug|Any CPU.Build.0 = Debug|Any CPU
		{A6041EB3-3822-4C11-826D-977DC9190009}.Release|Any CPU.ActiveCfg = Release|Any CPU
		{A6041EB3-3822-4C11-826D-977DC9190009}.Release|Any CPU.Build.0 = Release|Any CPU
	EndGlobalSection
EndGlobal
